
Microsoft Visual Studio Solution File, Format Version 12.00
# Visual Studio Version 16
VisualStudioVersion = 16.0.30204.135
MinimumVisualStudioVersion = 10.0.40219.1
Project("{2150E333-8FDC-42A3-9474-1A3956D46DE8}") = "src", "src", "{41D0194C-4B1F-4A61-9ACA-937FEFE1331C}"
EndProject
Project("{9A19103F-16F7-4668-BE54-9A1E7A4F7556}") = "Shopify.Api", "src\Shopify.Api\Shopify.Api.csproj", "{50F8F37D-E575-4AE0-8D6F-A039E864AE55}"
EndProject
Project("{2150E333-8FDC-42A3-9474-1A3956D46DE8}") = "tests", "tests", "{E1BCEAF5-0D3D-4570-ABCF-57F5235724A9}"
EndProject
Project("{9A19103F-16F7-4668-BE54-9A1E7A4F7556}") = "Shopify.SDK", "src\Shopify.SDK\Shopify.SDK.csproj", "{5D40FB16-DF25-4A20-B14B-6928A868D5BB}"
EndProject
Project("{9A19103F-16F7-4668-BE54-9A1E7A4F7556}") = "Shopify.SDK.Test", "tests\Shopify.SDK.Test\Shopify.SDK.Test.csproj", "{89696A21-3B32-47BA-9939-02146B5B7279}"
EndProject
Project("{FAE04EC0-301F-11D3-BF4B-00C04F79EFBC}") = "XShoppy.SDK", "src\XShoppy.SDK\XShoppy.SDK.csproj", "{DC398B04-985E-43B0-9AC3-FC7C5CB03A21}"
EndProject
Project("{FAE04EC0-301F-11D3-BF4B-00C04F79EFBC}") = "Shopify.Api.Abstractions", "src\Shopify.Api.Abstractions\Shopify.Api.Abstractions.csproj", "{C26F0F54-9926-4CA1-AB08-7BBC81DFBADB}"
EndProject
Global
	GlobalSection(SolutionConfigurationPlatforms) = preSolution
		Debug|Any CPU = Debug|Any CPU
		Release|Any CPU = Release|Any CPU
	EndGlobalSection
	GlobalSection(ProjectConfigurationPlatforms) = postSolution
		{50F8F37D-E575-4AE0-8D6F-A039E864AE55}.Debug|Any CPU.ActiveCfg = Debug|Any CPU
		{50F8F37D-E575-4AE0-8D6F-A039E864AE55}.Debug|Any CPU.Build.0 = Debug|Any CPU
		{50F8F37D-E575-4AE0-8D6F-A039E864AE55}.Release|Any CPU.ActiveCfg = Release|Any CPU
		{50F8F37D-E575-4AE0-8D6F-A039E864AE55}.Release|Any CPU.Build.0 = Release|Any CPU
		{5D40FB16-DF25-4A20-B14B-6928A868D5BB}.Debug|Any CPU.ActiveCfg = Debug|Any CPU
		{5D40FB16-DF25-4A20-B14B-6928A868D5BB}.Debug|Any CPU.Build.0 = Debug|Any CPU
		{5D40FB16-DF25-4A20-B14B-6928A868D5BB}.Release|Any CPU.ActiveCfg = Release|Any CPU
		{5D40FB16-DF25-4A20-B14B-6928A868D5BB}.Release|Any CPU.Build.0 = Release|Any CPU
		{89696A21-3B32-47BA-9939-02146B5B7279}.Debug|Any CPU.ActiveCfg = Debug|Any CPU
		{89696A21-3B32-47BA-9939-02146B5B7279}.Debug|Any CPU.Build.0 = Debug|Any CPU
		{89696A21-3B32-47BA-9939-02146B5B7279}.Release|Any CPU.ActiveCfg = Release|Any CPU
		{89696A21-3B32-47BA-9939-02146B5B7279}.Release|Any CPU.Build.0 = Release|Any CPU
		{DC398B04-985E-43B0-9AC3-FC7C5CB03A21}.Debug|Any CPU.ActiveCfg = Debug|Any CPU
		{DC398B04-985E-43B0-9AC3-FC7C5CB03A21}.Debug|Any CPU.Build.0 = Debug|Any CPU
		{DC398B04-985E-43B0-9AC3-FC7C5CB03A21}.Release|Any CPU.ActiveCfg = Release|Any CPU
		{DC398B04-985E-43B0-9AC3-FC7C5CB03A21}.Release|Any CPU.Build.0 = Release|Any CPU
		{C26F0F54-9926-4CA1-AB08-7BBC81DFBADB}.Debug|Any CPU.ActiveCfg = Debug|Any CPU
		{C26F0F54-9926-4CA1-AB08-7BBC81DFBADB}.Debug|Any CPU.Build.0 = Debug|Any CPU
		{C26F0F54-9926-4CA1-AB08-7BBC81DFBADB}.Release|Any CPU.ActiveCfg = Release|Any CPU
		{C26F0F54-9926-4CA1-AB08-7BBC81DFBADB}.Release|Any CPU.Build.0 = Release|Any CPU
	EndGlobalSection
	GlobalSection(SolutionProperties) = preSolution
		HideSolutionNode = FALSE
	EndGlobalSection
	GlobalSection(NestedProjects) = preSolution
		{50F8F37D-E575-4AE0-8D6F-A039E864AE55} = {41D0194C-4B1F-4A61-9ACA-937FEFE1331C}
		{5D40FB16-DF25-4A20-B14B-6928A868D5BB} = {41D0194C-4B1F-4A61-9ACA-937FEFE1331C}
		{89696A21-3B32-47BA-9939-02146B5B7279} = {E1BCEAF5-0D3D-4570-ABCF-57F5235724A9}
		{DC398B04-985E-43B0-9AC3-FC7C5CB03A21} = {41D0194C-4B1F-4A61-9ACA-937FEFE1331C}
		{C26F0F54-9926-4CA1-AB08-7BBC81DFBADB} = {41D0194C-4B1F-4A61-9ACA-937FEFE1331C}
	EndGlobalSection
	GlobalSection(ExtensibilityGlobals) = postSolution
		SolutionGuid = {27A42800-1F9C-4B09-82D8-0B70D58E45CA}
	EndGlobalSection
EndGlobal
